# This file is generated by `lpm install`; do not edit it manually.
version = 2

[[package]]
name = "evaera/promise"
version = "4.0.0"
environment = "roblox"
index = "https://github.com/UpliftGames/wally-index"
type = "zip"
url = "https://api.wally.run/v1/package-contents/evaera/promise/4.0.0"

[[package]]
name = "lukadev-0/typed-promise"
version = "4.0.2"
environment = "roblox"
link = "typed-promise"
index = "https://github.com/UpliftGames/wally-index"
type = "zip"
url = "https://api.wally.run/v1/package-contents/lukadev-0/typed-promise/4.0.2"
